
Microsoft Visual Studio Solution File, Format Version 12.00
# Visual Studio Version 17
VisualStudioVersion = 17.2.32526.322
MinimumVisualStudioVersion = 10.0.40219.1
Project("{9A19103F-16F7-4668-BE54-9A1E7A4F7556}") = "Grammarfy", "Grammarfy\Grammarfy.csproj", "{DFA3DA26-C3DF-4A33-A3BD-A7B5B4788D9E}"
EndProject
Project("{FAE04EC0-301F-11D3-BF4B-00C04F79EFBC}") = "TestingSuite", "TestingSuite\TestingSuite.csproj", "{697FB92B-5B9F-4E90-A33C-3E5211B071C3}"
EndProject
Global
	GlobalSection(SolutionConfigurationPlatforms) = preSolution
		Debug|Any CPU = Debug|Any CPU
		Release|Any CPU = Release|Any CPU
	EndGlobalSection
	GlobalSection(ProjectConfigurationPlatforms) = postSolution
		{DFA3DA26-C3DF-4A33-A3BD-A7B5B4788D9E}.Debug|Any CPU.ActiveCfg = Debug|Any CPU
		{DFA3DA26-C3DF-4A33-A3BD-A7B5B4788D9E}.Debug|Any CPU.Build.0 = Debug|Any CPU
		{DFA3DA26-C3DF-4A33-A3BD-A7B5B4788D9E}.Release|Any CPU.ActiveCfg = Release|Any CPU
		{DFA3DA26-C3DF-4A33-A3BD-A7B5B4788D9E}.Release|Any CPU.Build.0 = Release|Any CPU
		{697FB92B-5B9F-4E90-A33C-3E5211B071C3}.Debug|Any CPU.ActiveCfg = Debug|Any CPU
		{697FB92B-5B9F-4E90-A33C-3E5211B071C3}.Debug|Any CPU.Build.0 = Debug|Any CPU
		{697FB92B-5B9F-4E90-A33C-3E5211B071C3}.Release|Any CPU.ActiveCfg = Release|Any CPU
		{697FB92B-5B9F-4E90-A33C-3E5211B071C3}.Release|Any CPU.Build.0 = Release|Any CPU
	EndGlobalSection
	GlobalSection(SolutionProperties) = preSolution
		HideSolutionNode = FALSE
	EndGlobalSection
	GlobalSection(ExtensibilityGlobals) = postSolution
		SolutionGuid = {68A06920-7AD7-4B11-9E68-0768061D342C}
	EndGlobalSection
EndGlobal
